{
    "version": 3,
    "terraform_version": "0.11.10",
    "serial": 3,
    "lineage": "d896abb5-3489-a695-a7d2-d03e084915f7",
    "modules": [
        {
            "path": [
                "root"
            ],
            "outputs": {},
            "resources": {
                "aws_instance.ec2-a": {
                    "type": "aws_instance",
                    "depends_on": [],
                    "primary": {
                        "id": "i-0336af0b8eec99483",
                        "attributes": {
                            "ami": "ami-085fd1bd447be68e8",
                            "arn": "arn:aws:ec2:ap-southeast-1:302561227701:instance/i-0336af0b8eec99483",
                            "associate_public_ip_address": "true",
                            "availability_zone": "ap-southeast-1b",
                            "cpu_core_count": "1",
                            "cpu_threads_per_core": "1",
                            "credit_specification.#": "1",
                            "credit_specification.0.cpu_credits": "standard",
                            "disable_api_termination": "false",
                            "ebs_block_device.#": "0",
                            "ebs_optimized": "false",
                            "ephemeral_block_device.#": "0",
                            "get_password_data": "false",
                            "iam_instance_profile": "",
                            "id": "i-0336af0b8eec99483",
                            "instance_state": "running",
                            "instance_type": "t2.micro",
                            "ipv6_addresses.#": "0",
                            "key_name": "",
                            "monitoring": "false",
                            "network_interface.#": "0",
                            "network_interface_id": "eni-035fdc54ca817e9c6",
                            "password_data": "",
                            "placement_group": "",
                            "primary_network_interface_id": "eni-035fdc54ca817e9c6",
                            "private_dns": "ip-172-31-18-55.ap-southeast-1.compute.internal",
                            "private_ip": "172.31.18.55",
                            "public_dns": "ec2-18-136-205-30.ap-southeast-1.compute.amazonaws.com",
                            "public_ip": "18.136.205.30",
                            "root_block_device.#": "1",
                            "root_block_device.0.delete_on_termination": "true",
                            "root_block_device.0.iops": "100",
                            "root_block_device.0.volume_id": "vol-03c3e4296d708f7dd",
                            "root_block_device.0.volume_size": "8",
                            "root_block_device.0.volume_type": "gp2",
                            "security_groups.#": "1",
                            "security_groups.3814588639": "default",
                            "source_dest_check": "true",
                            "subnet_id": "subnet-383c2b5f",
                            "tags.%": "0",
                            "tenancy": "default",
                            "volume_tags.%": "0",
                            "vpc_security_group_ids.#": "1",
                            "vpc_security_group_ids.3107246194": "sg-4d56aa36"
                        },
                        "meta": {
                            "e2bfb730-ecaa-11e6-8f88-34363bc7c4c0": {
                                "create": 600000000000,
                                "delete": 1200000000000,
                                "update": 600000000000
                            },
                            "schema_version": "1"
                        },
                        "tainted": false
                    },
                    "deposed": [],
                    "provider": "provider.aws.ap-southeast-1"
                },
                "aws_instance.ec2-b": {
                    "type": "aws_instance",
                    "depends_on": [],
                    "primary": {
                        "id": "i-01b56230c9e2af01f",
                        "attributes": {
                            "ami": "ami-0912f71e06545ad88",
                            "arn": "arn:aws:ec2:ap-south-1:302561227701:instance/i-01b56230c9e2af01f",
                            "associate_public_ip_address": "true",
                            "availability_zone": "ap-south-1a",
                            "cpu_core_count": "1",
                            "cpu_threads_per_core": "1",
                            "credit_specification.#": "1",
                            "credit_specification.0.cpu_credits": "standard",
                            "disable_api_termination": "false",
                            "ebs_block_device.#": "0",
                            "ebs_optimized": "false",
                            "ephemeral_block_device.#": "0",
                            "get_password_data": "false",
                            "iam_instance_profile": "",
                            "id": "i-01b56230c9e2af01f",
                            "instance_state": "running",
                            "instance_type": "t2.micro",
                            "ipv6_addresses.#": "0",
                            "key_name": "",
                            "monitoring": "false",
                            "network_interface.#": "0",
                            "network_interface_id": "eni-0b90ca5c471a78562",
                            "password_data": "",
                            "placement_group": "",
                            "primary_network_interface_id": "eni-0b90ca5c471a78562",
                            "private_dns": "ip-172-31-26-166.ap-south-1.compute.internal",
                            "private_ip": "172.31.26.166",
                            "public_dns": "ec2-52-66-201-47.ap-south-1.compute.amazonaws.com",
                            "public_ip": "52.66.201.47",
                            "root_block_device.#": "1",
                            "root_block_device.0.delete_on_termination": "true",
                            "root_block_device.0.iops": "100",
                            "root_block_device.0.volume_id": "vol-0202590c6aa49f3ac",
                            "root_block_device.0.volume_size": "8",
                            "root_block_device.0.volume_type": "gp2",
                            "security_groups.#": "1",
                            "security_groups.3814588639": "default",
                            "source_dest_check": "true",
                            "subnet_id": "subnet-2345984b",
                            "tags.%": "0",
                            "tenancy": "default",
                            "volume_tags.%": "0",
                            "vpc_security_group_ids.#": "1",
                            "vpc_security_group_ids.3078666087": "sg-c11ff8aa"
                        },
                        "meta": {
                            "e2bfb730-ecaa-11e6-8f88-34363bc7c4c0": {
                                "create": 600000000000,
                                "delete": 1200000000000,
                                "update": 600000000000
                            },
                            "schema_version": "1"
                        },
                        "tainted": false
                    },
                    "deposed": [],
                    "provider": "provider.aws"
                }
            },
            "depends_on": []
        }
    ]
}
