{
    "version": 3,
    "terraform_version": "0.11.10",
    "serial": 3,
    "lineage": "b17ad5dd-086d-8de6-333f-60b112d187a7",
    "modules": [
        {
            "path": [
                "root"
            ],
            "outputs": {
                "east-backend-ips": {
                    "sensitive": false,
                    "type": "list",
                    "value": [
                        "54.159.172.34",
                        "54.173.245.134"
                    ]
                },
                "east-frontend-ips": {
                    "sensitive": false,
                    "type": "list",
                    "value": [
                        "35.174.155.228",
                        "34.229.10.104"
                    ]
                },
                "west-backend-ips": {
                    "sensitive": false,
                    "type": "list",
                    "value": [
                        "54.183.229.179",
                        "18.144.53.96"
                    ]
                },
                "west-frontend-ips": {
                    "sensitive": false,
                    "type": "list",
                    "value": [
                        "52.53.161.65",
                        "13.57.232.33"
                    ]
                }
            },
            "resources": {
                "aws_instance.east-backend.0": {
                    "type": "aws_instance",
                    "depends_on": [],
                    "primary": {
                        "id": "i-01a224942af4867da",
                        "attributes": {
                            "ami": "ami-013be31976ca2c322",
                            "arn": "arn:aws:ec2:us-east-1:302561227701:instance/i-01a224942af4867da",
                            "associate_public_ip_address": "true",
                            "availability_zone": "us-east-1a",
                            "cpu_core_count": "1",
                            "cpu_threads_per_core": "1",
                            "credit_specification.#": "1",
                            "credit_specification.0.cpu_credits": "standard",
                            "disable_api_termination": "false",
                            "ebs_block_device.#": "0",
                            "ebs_optimized": "false",
                            "ephemeral_block_device.#": "0",
                            "get_password_data": "false",
                            "iam_instance_profile": "",
                            "id": "i-01a224942af4867da",
                            "instance_state": "running",
                            "instance_type": "t2.micro",
                            "ipv6_addresses.#": "0",
                            "key_name": "",
                            "monitoring": "false",
                            "network_interface.#": "0",
                            "network_interface_id": "eni-0291c571b45ea563f",
                            "password_data": "",
                            "placement_group": "",
                            "primary_network_interface_id": "eni-0291c571b45ea563f",
                            "private_dns": "ip-172-31-95-35.ec2.internal",
                            "private_ip": "172.31.95.35",
                            "public_dns": "ec2-54-159-172-34.compute-1.amazonaws.com",
                            "public_ip": "54.159.172.34",
                            "root_block_device.#": "1",
                            "root_block_device.0.delete_on_termination": "true",
                            "root_block_device.0.iops": "100",
                            "root_block_device.0.volume_id": "vol-07a98eb1a1b84caf0",
                            "root_block_device.0.volume_size": "8",
                            "root_block_device.0.volume_type": "gp2",
                            "security_groups.#": "1",
                            "security_groups.3814588639": "default",
                            "source_dest_check": "true",
                            "subnet_id": "subnet-a572fc8a",
                            "tags.%": "0",
                            "tenancy": "default",
                            "volume_tags.%": "0",
                            "vpc_security_group_ids.#": "1",
                            "vpc_security_group_ids.3558556959": "sg-1022ed64"
                        },
                        "meta": {
                            "e2bfb730-ecaa-11e6-8f88-34363bc7c4c0": {
                                "create": 600000000000,
                                "delete": 1200000000000,
                                "update": 600000000000
                            },
                            "schema_version": "1"
                        },
                        "tainted": false
                    },
                    "deposed": [],
                    "provider": "provider.aws"
                },
                "aws_instance.east-backend.1": {
                    "type": "aws_instance",
                    "depends_on": [],
                    "primary": {
                        "id": "i-058daf1ae95afb980",
                        "attributes": {
                            "ami": "ami-013be31976ca2c322",
                            "arn": "arn:aws:ec2:us-east-1:302561227701:instance/i-058daf1ae95afb980",
                            "associate_public_ip_address": "true",
                            "availability_zone": "us-east-1b",
                            "cpu_core_count": "1",
                            "cpu_threads_per_core": "1",
                            "credit_specification.#": "1",
                            "credit_specification.0.cpu_credits": "standard",
                            "disable_api_termination": "false",
                            "ebs_block_device.#": "0",
                            "ebs_optimized": "false",
                            "ephemeral_block_device.#": "0",
                            "get_password_data": "false",
                            "iam_instance_profile": "",
                            "id": "i-058daf1ae95afb980",
                            "instance_state": "running",
                            "instance_type": "t2.micro",
                            "ipv6_addresses.#": "0",
                            "key_name": "",
                            "monitoring": "false",
                            "network_interface.#": "0",
                            "network_interface_id": "eni-0fab070ddf29d85f9",
                            "password_data": "",
                            "placement_group": "",
                            "primary_network_interface_id": "eni-0fab070ddf29d85f9",
                            "private_dns": "ip-172-31-21-243.ec2.internal",
                            "private_ip": "172.31.21.243",
                            "public_dns": "ec2-54-173-245-134.compute-1.amazonaws.com",
                            "public_ip": "54.173.245.134",
                            "root_block_device.#": "1",
                            "root_block_device.0.delete_on_termination": "true",
                            "root_block_device.0.iops": "100",
                            "root_block_device.0.volume_id": "vol-051cadc4adff7b581",
                            "root_block_device.0.volume_size": "8",
                            "root_block_device.0.volume_type": "gp2",
                            "security_groups.#": "1",
                            "security_groups.3814588639": "default",
                            "source_dest_check": "true",
                            "subnet_id": "subnet-f080d4bb",
                            "tags.%": "0",
                            "tenancy": "default",
                            "volume_tags.%": "0",
                            "vpc_security_group_ids.#": "1",
                            "vpc_security_group_ids.3558556959": "sg-1022ed64"
                        },
                        "meta": {
                            "e2bfb730-ecaa-11e6-8f88-34363bc7c4c0": {
                                "create": 600000000000,
                                "delete": 1200000000000,
                                "update": 600000000000
                            },
                            "schema_version": "1"
                        },
                        "tainted": false
                    },
                    "deposed": [],
                    "provider": "provider.aws"
                },
                "aws_instance.east-frontend.0": {
                    "type": "aws_instance",
                    "depends_on": [
                        "aws_instance.east-backend"
                    ],
                    "primary": {
                        "id": "i-094f1a9006acff1fc",
                        "attributes": {
                            "ami": "ami-013be31976ca2c322",
                            "arn": "arn:aws:ec2:us-east-1:302561227701:instance/i-094f1a9006acff1fc",
                            "associate_public_ip_address": "true",
                            "availability_zone": "us-east-1a",
                            "cpu_core_count": "1",
                            "cpu_threads_per_core": "1",
                            "credit_specification.#": "1",
                            "credit_specification.0.cpu_credits": "standard",
                            "disable_api_termination": "false",
                            "ebs_block_device.#": "0",
                            "ebs_optimized": "false",
                            "ephemeral_block_device.#": "0",
                            "get_password_data": "false",
                            "iam_instance_profile": "",
                            "id": "i-094f1a9006acff1fc",
                            "instance_state": "running",
                            "instance_type": "t2.micro",
                            "ipv6_addresses.#": "0",
                            "key_name": "",
                            "monitoring": "false",
                            "network_interface.#": "0",
                            "network_interface_id": "eni-0826818710dd30327",
                            "password_data": "",
                            "placement_group": "",
                            "primary_network_interface_id": "eni-0826818710dd30327",
                            "private_dns": "ip-172-31-86-114.ec2.internal",
                            "private_ip": "172.31.86.114",
                            "public_dns": "ec2-35-174-155-228.compute-1.amazonaws.com",
                            "public_ip": "35.174.155.228",
                            "root_block_device.#": "1",
                            "root_block_device.0.delete_on_termination": "true",
                            "root_block_device.0.iops": "100",
                            "root_block_device.0.volume_id": "vol-0f622da97bc1062a9",
                            "root_block_device.0.volume_size": "8",
                            "root_block_device.0.volume_type": "gp2",
                            "security_groups.#": "1",
                            "security_groups.3814588639": "default",
                            "source_dest_check": "true",
                            "subnet_id": "subnet-a572fc8a",
                            "tags.%": "0",
                            "tenancy": "default",
                            "volume_tags.%": "0",
                            "vpc_security_group_ids.#": "1",
                            "vpc_security_group_ids.3558556959": "sg-1022ed64"
                        },
                        "meta": {
                            "e2bfb730-ecaa-11e6-8f88-34363bc7c4c0": {
                                "create": 600000000000,
                                "delete": 1200000000000,
                                "update": 600000000000
                            },
                            "schema_version": "1"
                        },
                        "tainted": false
                    },
                    "deposed": [],
                    "provider": "provider.aws"
                },
                "aws_instance.east-frontend.1": {
                    "type": "aws_instance",
                    "depends_on": [
                        "aws_instance.east-backend"
                    ],
                    "primary": {
                        "id": "i-022ea1b33d7aa6c36",
                        "attributes": {
                            "ami": "ami-013be31976ca2c322",
                            "arn": "arn:aws:ec2:us-east-1:302561227701:instance/i-022ea1b33d7aa6c36",
                            "associate_public_ip_address": "true",
                            "availability_zone": "us-east-1b",
                            "cpu_core_count": "1",
                            "cpu_threads_per_core": "1",
                            "credit_specification.#": "1",
                            "credit_specification.0.cpu_credits": "standard",
                            "disable_api_termination": "false",
                            "ebs_block_device.#": "0",
                            "ebs_optimized": "false",
                            "ephemeral_block_device.#": "0",
                            "get_password_data": "false",
                            "iam_instance_profile": "",
                            "id": "i-022ea1b33d7aa6c36",
                            "instance_state": "running",
                            "instance_type": "t2.micro",
                            "ipv6_addresses.#": "0",
                            "key_name": "",
                            "monitoring": "false",
                            "network_interface.#": "0",
                            "network_interface_id": "eni-0cd35531a7c46880a",
                            "password_data": "",
                            "placement_group": "",
                            "primary_network_interface_id": "eni-0cd35531a7c46880a",
                            "private_dns": "ip-172-31-26-147.ec2.internal",
                            "private_ip": "172.31.26.147",
                            "public_dns": "ec2-34-229-10-104.compute-1.amazonaws.com",
                            "public_ip": "34.229.10.104",
                            "root_block_device.#": "1",
                            "root_block_device.0.delete_on_termination": "true",
                            "root_block_device.0.iops": "100",
                            "root_block_device.0.volume_id": "vol-064eda30115a8c365",
                            "root_block_device.0.volume_size": "8",
                            "root_block_device.0.volume_type": "gp2",
                            "security_groups.#": "1",
                            "security_groups.3814588639": "default",
                            "source_dest_check": "true",
                            "subnet_id": "subnet-f080d4bb",
                            "tags.%": "0",
                            "tenancy": "default",
                            "volume_tags.%": "0",
                            "vpc_security_group_ids.#": "1",
                            "vpc_security_group_ids.3558556959": "sg-1022ed64"
                        },
                        "meta": {
                            "e2bfb730-ecaa-11e6-8f88-34363bc7c4c0": {
                                "create": 600000000000,
                                "delete": 1200000000000,
                                "update": 600000000000
                            },
                            "schema_version": "1"
                        },
                        "tainted": false
                    },
                    "deposed": [],
                    "provider": "provider.aws"
                },
                "aws_instance.west-backend.0": {
                    "type": "aws_instance",
                    "depends_on": [],
                    "primary": {
                        "id": "i-0b0a5d679ce77c687",
                        "attributes": {
                            "ami": "ami-01beb64058d271bc4",
                            "arn": "arn:aws:ec2:us-west-1:302561227701:instance/i-0b0a5d679ce77c687",
                            "associate_public_ip_address": "true",
                            "availability_zone": "us-west-1a",
                            "cpu_core_count": "1",
                            "cpu_threads_per_core": "1",
                            "credit_specification.#": "1",
                            "credit_specification.0.cpu_credits": "standard",
                            "disable_api_termination": "false",
                            "ebs_block_device.#": "0",
                            "ebs_optimized": "false",
                            "ephemeral_block_device.#": "0",
                            "get_password_data": "false",
                            "iam_instance_profile": "",
                            "id": "i-0b0a5d679ce77c687",
                            "instance_state": "running",
                            "instance_type": "t2.micro",
                            "ipv6_addresses.#": "0",
                            "key_name": "",
                            "monitoring": "false",
                            "network_interface.#": "0",
                            "network_interface_id": "eni-0f1fbc88e6c683281",
                            "password_data": "",
                            "placement_group": "",
                            "primary_network_interface_id": "eni-0f1fbc88e6c683281",
                            "private_dns": "ip-172-31-10-219.us-west-1.compute.internal",
                            "private_ip": "172.31.10.219",
                            "public_dns": "ec2-54-183-229-179.us-west-1.compute.amazonaws.com",
                            "public_ip": "54.183.229.179",
                            "root_block_device.#": "1",
                            "root_block_device.0.delete_on_termination": "true",
                            "root_block_device.0.iops": "100",
                            "root_block_device.0.volume_id": "vol-06bdd9474e902157e",
                            "root_block_device.0.volume_size": "8",
                            "root_block_device.0.volume_type": "gp2",
                            "security_groups.#": "1",
                            "security_groups.3814588639": "default",
                            "source_dest_check": "true",
                            "subnet_id": "subnet-14b49e4f",
                            "tags.%": "0",
                            "tenancy": "default",
                            "volume_tags.%": "0",
                            "vpc_security_group_ids.#": "1",
                            "vpc_security_group_ids.2531166908": "sg-34f8bf4f"
                        },
                        "meta": {
                            "e2bfb730-ecaa-11e6-8f88-34363bc7c4c0": {
                                "create": 600000000000,
                                "delete": 1200000000000,
                                "update": 600000000000
                            },
                            "schema_version": "1"
                        },
                        "tainted": false
                    },
                    "deposed": [],
                    "provider": "provider.aws.west"
                },
                "aws_instance.west-backend.1": {
                    "type": "aws_instance",
                    "depends_on": [],
                    "primary": {
                        "id": "i-0c4a0bee3c5716828",
                        "attributes": {
                            "ami": "ami-01beb64058d271bc4",
                            "arn": "arn:aws:ec2:us-west-1:302561227701:instance/i-0c4a0bee3c5716828",
                            "associate_public_ip_address": "true",
                            "availability_zone": "us-west-1b",
                            "cpu_core_count": "1",
                            "cpu_threads_per_core": "1",
                            "credit_specification.#": "1",
                            "credit_specification.0.cpu_credits": "standard",
                            "disable_api_termination": "false",
                            "ebs_block_device.#": "0",
                            "ebs_optimized": "false",
                            "ephemeral_block_device.#": "0",
                            "get_password_data": "false",
                            "iam_instance_profile": "",
                            "id": "i-0c4a0bee3c5716828",
                            "instance_state": "running",
                            "instance_type": "t2.micro",
                            "ipv6_addresses.#": "0",
                            "key_name": "",
                            "monitoring": "false",
                            "network_interface.#": "0",
                            "network_interface_id": "eni-0e8483919f73ae65a",
                            "password_data": "",
                            "placement_group": "",
                            "primary_network_interface_id": "eni-0e8483919f73ae65a",
                            "private_dns": "ip-172-31-16-195.us-west-1.compute.internal",
                            "private_ip": "172.31.16.195",
                            "public_dns": "ec2-18-144-53-96.us-west-1.compute.amazonaws.com",
                            "public_ip": "18.144.53.96",
                            "root_block_device.#": "1",
                            "root_block_device.0.delete_on_termination": "true",
                            "root_block_device.0.iops": "100",
                            "root_block_device.0.volume_id": "vol-0d4b144fc1d801ca3",
                            "root_block_device.0.volume_size": "8",
                            "root_block_device.0.volume_type": "gp2",
                            "security_groups.#": "1",
                            "security_groups.3814588639": "default",
                            "source_dest_check": "true",
                            "subnet_id": "subnet-83524be4",
                            "tags.%": "0",
                            "tenancy": "default",
                            "volume_tags.%": "0",
                            "vpc_security_group_ids.#": "1",
                            "vpc_security_group_ids.2531166908": "sg-34f8bf4f"
                        },
                        "meta": {
                            "e2bfb730-ecaa-11e6-8f88-34363bc7c4c0": {
                                "create": 600000000000,
                                "delete": 1200000000000,
                                "update": 600000000000
                            },
                            "schema_version": "1"
                        },
                        "tainted": false
                    },
                    "deposed": [],
                    "provider": "provider.aws.west"
                },
                "aws_instance.west-frontend.0": {
                    "type": "aws_instance",
                    "depends_on": [
                        "aws_instance.west-backend"
                    ],
                    "primary": {
                        "id": "i-0823a482be933d4d2",
                        "attributes": {
                            "ami": "ami-01beb64058d271bc4",
                            "arn": "arn:aws:ec2:us-west-1:302561227701:instance/i-0823a482be933d4d2",
                            "associate_public_ip_address": "true",
                            "availability_zone": "us-west-1a",
                            "cpu_core_count": "1",
                            "cpu_threads_per_core": "1",
                            "credit_specification.#": "1",
                            "credit_specification.0.cpu_credits": "standard",
                            "disable_api_termination": "false",
                            "ebs_block_device.#": "0",
                            "ebs_optimized": "false",
                            "ephemeral_block_device.#": "0",
                            "get_password_data": "false",
                            "iam_instance_profile": "",
                            "id": "i-0823a482be933d4d2",
                            "instance_state": "running",
                            "instance_type": "t2.micro",
                            "ipv6_addresses.#": "0",
                            "key_name": "",
                            "monitoring": "false",
                            "network_interface.#": "0",
                            "network_interface_id": "eni-0a3c4c880b0ae3b28",
                            "password_data": "",
                            "placement_group": "",
                            "primary_network_interface_id": "eni-0a3c4c880b0ae3b28",
                            "private_dns": "ip-172-31-9-135.us-west-1.compute.internal",
                            "private_ip": "172.31.9.135",
                            "public_dns": "ec2-52-53-161-65.us-west-1.compute.amazonaws.com",
                            "public_ip": "52.53.161.65",
                            "root_block_device.#": "1",
                            "root_block_device.0.delete_on_termination": "true",
                            "root_block_device.0.iops": "100",
                            "root_block_device.0.volume_id": "vol-054ab1208111ad77b",
                            "root_block_device.0.volume_size": "8",
                            "root_block_device.0.volume_type": "gp2",
                            "security_groups.#": "1",
                            "security_groups.3814588639": "default",
                            "source_dest_check": "true",
                            "subnet_id": "subnet-14b49e4f",
                            "tags.%": "0",
                            "tenancy": "default",
                            "volume_tags.%": "0",
                            "vpc_security_group_ids.#": "1",
                            "vpc_security_group_ids.2531166908": "sg-34f8bf4f"
                        },
                        "meta": {
                            "e2bfb730-ecaa-11e6-8f88-34363bc7c4c0": {
                                "create": 600000000000,
                                "delete": 1200000000000,
                                "update": 600000000000
                            },
                            "schema_version": "1"
                        },
                        "tainted": false
                    },
                    "deposed": [],
                    "provider": "provider.aws.west"
                },
                "aws_instance.west-frontend.1": {
                    "type": "aws_instance",
                    "depends_on": [
                        "aws_instance.west-backend"
                    ],
                    "primary": {
                        "id": "i-0360a38320e23256f",
                        "attributes": {
                            "ami": "ami-01beb64058d271bc4",
                            "arn": "arn:aws:ec2:us-west-1:302561227701:instance/i-0360a38320e23256f",
                            "associate_public_ip_address": "true",
                            "availability_zone": "us-west-1b",
                            "cpu_core_count": "1",
                            "cpu_threads_per_core": "1",
                            "credit_specification.#": "1",
                            "credit_specification.0.cpu_credits": "standard",
                            "disable_api_termination": "false",
                            "ebs_block_device.#": "0",
                            "ebs_optimized": "false",
                            "ephemeral_block_device.#": "0",
                            "get_password_data": "false",
                            "iam_instance_profile": "",
                            "id": "i-0360a38320e23256f",
                            "instance_state": "running",
                            "instance_type": "t2.micro",
                            "ipv6_addresses.#": "0",
                            "key_name": "",
                            "monitoring": "false",
                            "network_interface.#": "0",
                            "network_interface_id": "eni-0e09ca2d6a6047145",
                            "password_data": "",
                            "placement_group": "",
                            "primary_network_interface_id": "eni-0e09ca2d6a6047145",
                            "private_dns": "ip-172-31-25-228.us-west-1.compute.internal",
                            "private_ip": "172.31.25.228",
                            "public_dns": "ec2-13-57-232-33.us-west-1.compute.amazonaws.com",
                            "public_ip": "13.57.232.33",
                            "root_block_device.#": "1",
                            "root_block_device.0.delete_on_termination": "true",
                            "root_block_device.0.iops": "100",
                            "root_block_device.0.volume_id": "vol-0927e66c2718d1fcb",
                            "root_block_device.0.volume_size": "8",
                            "root_block_device.0.volume_type": "gp2",
                            "security_groups.#": "1",
                            "security_groups.3814588639": "default",
                            "source_dest_check": "true",
                            "subnet_id": "subnet-83524be4",
                            "tags.%": "0",
                            "tenancy": "default",
                            "volume_tags.%": "0",
                            "vpc_security_group_ids.#": "1",
                            "vpc_security_group_ids.2531166908": "sg-34f8bf4f"
                        },
                        "meta": {
                            "e2bfb730-ecaa-11e6-8f88-34363bc7c4c0": {
                                "create": 600000000000,
                                "delete": 1200000000000,
                                "update": 600000000000
                            },
                            "schema_version": "1"
                        },
                        "tainted": false
                    },
                    "deposed": [],
                    "provider": "provider.aws.west"
                }
            },
            "depends_on": []
        }
    ]
}
