{
    "version": 3,
    "terraform_version": "0.11.10",
    "serial": 12,
    "lineage": "efdba8ec-30be-e706-4113-80851aed76f7",
    "modules": [
        {
            "path": [
                "root"
            ],
            "outputs": {
                "backend ips": {
                    "sensitive": false,
                    "type": "list",
                    "value": [
                        "13.233.131.105",
                        "52.66.238.238"
                    ]
                },
                "frontend ip": {
                    "sensitive": false,
                    "type": "string",
                    "value": "13.233.153.123"
                }
            },
            "resources": {
                "aws_instance.backend.0": {
                    "type": "aws_instance",
                    "depends_on": [],
                    "primary": {
                        "id": "i-0f445f70b30602609",
                        "attributes": {
                            "ami": "ami-0912f71e06545ad88",
                            "arn": "arn:aws:ec2:ap-south-1:302561227701:instance/i-0f445f70b30602609",
                            "associate_public_ip_address": "true",
                            "availability_zone": "ap-south-1b",
                            "cpu_core_count": "1",
                            "cpu_threads_per_core": "1",
                            "credit_specification.#": "1",
                            "credit_specification.0.cpu_credits": "standard",
                            "disable_api_termination": "false",
                            "ebs_block_device.#": "0",
                            "ebs_optimized": "false",
                            "ephemeral_block_device.#": "0",
                            "get_password_data": "false",
                            "iam_instance_profile": "",
                            "id": "i-0f445f70b30602609",
                            "instance_state": "running",
                            "instance_type": "t2.micro",
                            "ipv6_addresses.#": "0",
                            "key_name": "",
                            "monitoring": "false",
                            "network_interface.#": "0",
                            "network_interface_id": "eni-039fe59e214d1ca89",
                            "password_data": "",
                            "placement_group": "",
                            "primary_network_interface_id": "eni-039fe59e214d1ca89",
                            "private_dns": "ip-172-31-13-22.ap-south-1.compute.internal",
                            "private_ip": "172.31.13.22",
                            "public_dns": "ec2-13-233-131-105.ap-south-1.compute.amazonaws.com",
                            "public_ip": "13.233.131.105",
                            "root_block_device.#": "1",
                            "root_block_device.0.delete_on_termination": "true",
                            "root_block_device.0.iops": "100",
                            "root_block_device.0.volume_id": "vol-04b2c4b85186bdc61",
                            "root_block_device.0.volume_size": "8",
                            "root_block_device.0.volume_type": "gp2",
                            "security_groups.#": "1",
                            "security_groups.3814588639": "default",
                            "source_dest_check": "true",
                            "subnet_id": "subnet-57d1de1a",
                            "tags.%": "0",
                            "tenancy": "default",
                            "volume_tags.%": "0",
                            "vpc_security_group_ids.#": "1",
                            "vpc_security_group_ids.3078666087": "sg-c11ff8aa"
                        },
                        "meta": {
                            "e2bfb730-ecaa-11e6-8f88-34363bc7c4c0": {
                                "create": 600000000000,
                                "delete": 1200000000000,
                                "update": 600000000000
                            },
                            "schema_version": "1"
                        },
                        "tainted": false
                    },
                    "deposed": [],
                    "provider": "provider.aws"
                },
                "aws_instance.backend.1": {
                    "type": "aws_instance",
                    "depends_on": [],
                    "primary": {
                        "id": "i-0ffaf021e5d1f2ac7",
                        "attributes": {
                            "ami": "ami-0912f71e06545ad88",
                            "arn": "arn:aws:ec2:ap-south-1:302561227701:instance/i-0ffaf021e5d1f2ac7",
                            "associate_public_ip_address": "true",
                            "availability_zone": "ap-south-1b",
                            "cpu_core_count": "1",
                            "cpu_threads_per_core": "1",
                            "credit_specification.#": "1",
                            "credit_specification.0.cpu_credits": "standard",
                            "disable_api_termination": "false",
                            "ebs_block_device.#": "0",
                            "ebs_optimized": "false",
                            "ephemeral_block_device.#": "0",
                            "get_password_data": "false",
                            "iam_instance_profile": "",
                            "id": "i-0ffaf021e5d1f2ac7",
                            "instance_state": "running",
                            "instance_type": "t2.micro",
                            "ipv6_addresses.#": "0",
                            "key_name": "",
                            "monitoring": "false",
                            "network_interface.#": "0",
                            "network_interface_id": "eni-09df8fd328950a56d",
                            "password_data": "",
                            "placement_group": "",
                            "primary_network_interface_id": "eni-09df8fd328950a56d",
                            "private_dns": "ip-172-31-13-2.ap-south-1.compute.internal",
                            "private_ip": "172.31.13.2",
                            "public_dns": "ec2-52-66-238-238.ap-south-1.compute.amazonaws.com",
                            "public_ip": "52.66.238.238",
                            "root_block_device.#": "1",
                            "root_block_device.0.delete_on_termination": "true",
                            "root_block_device.0.iops": "100",
                            "root_block_device.0.volume_id": "vol-07e4947ae0e3ceca6",
                            "root_block_device.0.volume_size": "8",
                            "root_block_device.0.volume_type": "gp2",
                            "security_groups.#": "1",
                            "security_groups.3814588639": "default",
                            "source_dest_check": "true",
                            "subnet_id": "subnet-57d1de1a",
                            "tags.%": "0",
                            "tenancy": "default",
                            "volume_tags.%": "0",
                            "vpc_security_group_ids.#": "1",
                            "vpc_security_group_ids.3078666087": "sg-c11ff8aa"
                        },
                        "meta": {
                            "e2bfb730-ecaa-11e6-8f88-34363bc7c4c0": {
                                "create": 600000000000,
                                "delete": 1200000000000,
                                "update": 600000000000
                            },
                            "schema_version": "1"
                        },
                        "tainted": false
                    },
                    "deposed": [],
                    "provider": "provider.aws"
                },
                "aws_instance.frontend": {
                    "type": "aws_instance",
                    "depends_on": [],
                    "primary": {
                        "id": "i-0a478e021f7b2515b",
                        "attributes": {
                            "ami": "ami-0912f71e06545ad88",
                            "arn": "arn:aws:ec2:ap-south-1:302561227701:instance/i-0a478e021f7b2515b",
                            "associate_public_ip_address": "true",
                            "availability_zone": "ap-south-1b",
                            "cpu_core_count": "1",
                            "cpu_threads_per_core": "1",
                            "credit_specification.#": "1",
                            "credit_specification.0.cpu_credits": "standard",
                            "disable_api_termination": "false",
                            "ebs_block_device.#": "0",
                            "ebs_optimized": "false",
                            "ephemeral_block_device.#": "0",
                            "get_password_data": "false",
                            "iam_instance_profile": "",
                            "id": "i-0a478e021f7b2515b",
                            "instance_state": "running",
                            "instance_type": "t2.micro",
                            "ipv6_addresses.#": "0",
                            "key_name": "",
                            "monitoring": "false",
                            "network_interface.#": "0",
                            "network_interface_id": "eni-0ad578053eb073467",
                            "password_data": "",
                            "placement_group": "",
                            "primary_network_interface_id": "eni-0ad578053eb073467",
                            "private_dns": "ip-172-31-9-71.ap-south-1.compute.internal",
                            "private_ip": "172.31.9.71",
                            "public_dns": "ec2-13-233-153-123.ap-south-1.compute.amazonaws.com",
                            "public_ip": "13.233.153.123",
                            "root_block_device.#": "1",
                            "root_block_device.0.delete_on_termination": "true",
                            "root_block_device.0.iops": "100",
                            "root_block_device.0.volume_id": "vol-01d6f9af57358e9b3",
                            "root_block_device.0.volume_size": "8",
                            "root_block_device.0.volume_type": "gp2",
                            "security_groups.#": "1",
                            "security_groups.3814588639": "default",
                            "source_dest_check": "true",
                            "subnet_id": "subnet-57d1de1a",
                            "tags.%": "0",
                            "tenancy": "default",
                            "volume_tags.%": "0",
                            "vpc_security_group_ids.#": "1",
                            "vpc_security_group_ids.3078666087": "sg-c11ff8aa"
                        },
                        "meta": {
                            "e2bfb730-ecaa-11e6-8f88-34363bc7c4c0": {
                                "create": 600000000000,
                                "delete": 1200000000000,
                                "update": 600000000000
                            },
                            "schema_version": "1"
                        },
                        "tainted": false
                    },
                    "deposed": [],
                    "provider": "provider.aws"
                }
            },
            "depends_on": []
        }
    ]
}
